// !$*UTF8*$!
{
	archiveVersion = 1;
	classes = {
	};
	objectVersion = 56;
	objects = {

/* Begin PBXBuildFile section */
		E5B823062A9F53A60077698D /* CallsView.swift in Sources */ = {isa = PBXBuildFile; fileRef = E5B823052A9F53A60077698D /* CallsView.swift */; };
		E5B823082A9F53F60077698D /* CallsManager.swift in Sources */ = {isa = PBXBuildFile; fileRef = E5B823072A9F53F60077698D /* CallsManager.swift */; };
		E5B8230A2A9F55550077698D /* CallListView.swift in Sources */ = {isa = PBXBuildFile; fileRef = E5B823092A9F55550077698D /* CallListView.swift */; };
		E5B8230C2A9F55A70077698D /* CallCardView.swift in Sources */ = {isa = PBXBuildFile; fileRef = E5B8230B2A9F55A70077698D /* CallCardView.swift */; };
		E5B8230E2A9F5AEC0077698D /* CallLinkCard.swift in Sources */ = {isa = PBXBuildFile; fileRef = E5B8230D2A9F5AEC0077698D /* CallLinkCard.swift */; };
		E5E25B2E2A9C994F000AA633 /* ChatAppUIApp.swift in Sources */ = {isa = PBXBuildFile; fileRef = E5E25B2D2A9C994F000AA633 /* ChatAppUIApp.swift */; };
		E5E25B302A9C994F000AA633 /* ContentView.swift in Sources */ = {isa = PBXBuildFile; fileRef = E5E25B2F2A9C994F000AA633 /* ContentView.swift */; };
		E5E25B322A9C9950000AA633 /* Assets.xcassets in Resources */ = {isa = PBXBuildFile; fileRef = E5E25B312A9C9950000AA633 /* Assets.xcassets */; };
		E5E25B352A9C9950000AA633 /* Preview Assets.xcassets in Resources */ = {isa = PBXBuildFile; fileRef = E5E25B342A9C9950000AA633 /* Preview Assets.xcassets */; };
		E5E25B3C2A9C997D000AA633 /* BottomBar.swift in Sources */ = {isa = PBXBuildFile; fileRef = E5E25B3B2A9C997D000AA633 /* BottomBar.swift */; };
		E5E25B452A9C9B5D000AA633 /* StatusView.swift in Sources */ = {isa = PBXBuildFile; fileRef = E5E25B442A9C9B5D000AA633 /* StatusView.swift */; };
		E5E25B472A9C9B75000AA633 /* StatusManager.swift in Sources */ = {isa = PBXBuildFile; fileRef = E5E25B462A9C9B75000AA633 /* StatusManager.swift */; };
		E5E25B492A9C9CD8000AA633 /* StatusCardView.swift in Sources */ = {isa = PBXBuildFile; fileRef = E5E25B482A9C9CD8000AA633 /* StatusCardView.swift */; };
		E5E25B4B2A9C9E5E000AA633 /* StatusListView.swift in Sources */ = {isa = PBXBuildFile; fileRef = E5E25B4A2A9C9E5E000AA633 /* StatusListView.swift */; };
		E5E25B4F2A9C9F3B000AA633 /* MyStatusCardView.swift in Sources */ = {isa = PBXBuildFile; fileRef = E5E25B4E2A9C9F3B000AA633 /* MyStatusCardView.swift */; };
		E5E25B512A9CA123000AA633 /* InfoTextView.swift in Sources */ = {isa = PBXBuildFile; fileRef = E5E25B502A9CA123000AA633 /* InfoTextView.swift */; };
/* End PBXBuildFile section */

/* Begin PBXFileReference section */
		E5B823052A9F53A60077698D /* CallsView.swift */ = {isa = PBXFileReference; lastKnownFileType = sourcecode.swift; path = CallsView.swift; sourceTree = "<group>"; };
		E5B823072A9F53F60077698D /* CallsManager.swift */ = {isa = PBXFileReference; lastKnownFileType = sourcecode.swift; path = CallsManager.swift; sourceTree = "<group>"; };
		E5B823092A9F55550077698D /* CallListView.swift */ = {isa = PBXFileReference; lastKnownFileType = sourcecode.swift; path = CallListView.swift; sourceTree = "<group>"; };
		E5B8230B2A9F55A70077698D /* CallCardView.swift */ = {isa = PBXFileReference; lastKnownFileType = sourcecode.swift; path = CallCardView.swift; sourceTree = "<group>"; };
		E5B8230D2A9F5AEC0077698D /* CallLinkCard.swift */ = {isa = PBXFileReference; lastKnownFileType = sourcecode.swift; path = CallLinkCard.swift; sourceTree = "<group>"; };
		E5E25B2A2A9C994F000AA633 /* ChatAppUI.app */ = {isa = PBXFileReference; explicitFileType = wrapper.application; includeInIndex = 0; path = ChatAppUI.app; sourceTree = BUILT_PRODUCTS_DIR; };
		E5E25B2D2A9C994F000AA633 /* ChatAppUIApp.swift */ = {isa = PBXFileReference; lastKnownFileType = sourcecode.swift; path = ChatAppUIApp.swift; sourceTree = "<group>"; };
		E5E25B2F2A9C994F000AA633 /* ContentView.swift */ = {isa = PBXFileReference; lastKnownFileType = sourcecode.swift; path = ContentView.swift; sourceTree = "<group>"; };
		E5E25B312A9C9950000AA633 /* Assets.xcassets */ = {isa = PBXFileReference; lastKnownFileType = folder.assetcatalog; path = Assets.xcassets; sourceTree = "<group>"; };
		E5E25B342A9C9950000AA633 /* Preview Assets.xcassets */ = {isa = PBXFileReference; lastKnownFileType = folder.assetcatalog; path = "Preview Assets.xcassets"; sourceTree = "<group>"; };
		E5E25B3B2A9C997D000AA633 /* BottomBar.swift */ = {isa = PBXFileReference; lastKnownFileType = sourcecode.swift; path = BottomBar.swift; sourceTree = "<group>"; };
		E5E25B442A9C9B5D000AA633 /* StatusView.swift */ = {isa = PBXFileReference; lastKnownFileType = sourcecode.swift; path = StatusView.swift; sourceTree = "<group>"; };
		E5E25B462A9C9B75000AA633 /* StatusManager.swift */ = {isa = PBXFileReference; lastKnownFileType = sourcecode.swift; path = StatusManager.swift; sourceTree = "<group>"; };
		E5E25B482A9C9CD8000AA633 /* StatusCardView.swift */ = {isa = PBXFileReference; lastKnownFileType = sourcecode.swift; path = StatusCardView.swift; sourceTree = "<group>"; };
		E5E25B4A2A9C9E5E000AA633 /* StatusListView.swift */ = {isa = PBXFileReference; lastKnownFileType = sourcecode.swift; path = StatusListView.swift; sourceTree = "<group>"; };
		E5E25B4E2A9C9F3B000AA633 /* MyStatusCardView.swift */ = {isa = PBXFileReference; lastKnownFileType = sourcecode.swift; path = MyStatusCardView.swift; sourceTree = "<group>"; };
		E5E25B502A9CA123000AA633 /* InfoTextView.swift */ = {isa = PBXFileReference; lastKnownFileType = sourcecode.swift; path = InfoTextView.swift; sourceTree = "<group>"; };
/* End PBXFileReference section */

/* Begin PBXFrameworksBuildPhase section */
		E5E25B272A9C994F000AA633 /* Frameworks */ = {
			isa = PBXFrameworksBuildPhase;
			buildActionMask = 2147483647;
			files = (
			);
			runOnlyForDeploymentPostprocessing = 0;
		};
/* End PBXFrameworksBuildPhase section */

/* Begin PBXGroup section */
		E5B823032A9F537F0077698D /* Components */ = {
			isa = PBXGroup;
			children = (
				E5B823092A9F55550077698D /* CallListView.swift */,
				E5B8230B2A9F55A70077698D /* CallCardView.swift */,
			);
			path = Components;
			sourceTree = "<group>";
		};
		E5B823042A9F53820077698D /* ViewModel */ = {
			isa = PBXGroup;
			children = (
				E5B823072A9F53F60077698D /* CallsManager.swift */,
			);
			path = ViewModel;
			sourceTree = "<group>";
		};
		E5E25B212A9C994F000AA633 = {
			isa = PBXGroup;
			children = (
				E5E25B2C2A9C994F000AA633 /* ChatAppUI */,
				E5E25B2B2A9C994F000AA633 /* Products */,
			);
			sourceTree = "<group>";
		};
		E5E25B2B2A9C994F000AA633 /* Products */ = {
			isa = PBXGroup;
			children = (
				E5E25B2A2A9C994F000AA633 /* ChatAppUI.app */,
			);
			name = Products;
			sourceTree = "<group>";
		};
		E5E25B2C2A9C994F000AA633 /* ChatAppUI */ = {
			isa = PBXGroup;
			children = (
				E5E25B412A9C9A66000AA633 /* Status */,
				E5E25B402A9C9A63000AA633 /* Calls */,
				E5E25B3F2A9C9A61000AA633 /* Communities */,
				E5E25B3E2A9C9A55000AA633 /* Settings */,
				E5E25B3D2A9C9A4C000AA633 /* Chats */,
				E5E25B2D2A9C994F000AA633 /* ChatAppUIApp.swift */,
				E5E25B2F2A9C994F000AA633 /* ContentView.swift */,
				E5E25B3B2A9C997D000AA633 /* BottomBar.swift */,
				E5E25B312A9C9950000AA633 /* Assets.xcassets */,
				E5E25B332A9C9950000AA633 /* Preview Content */,
			);
			path = ChatAppUI;
			sourceTree = "<group>";
		};
		E5E25B332A9C9950000AA633 /* Preview Content */ = {
			isa = PBXGroup;
			children = (
				E5E25B342A9C9950000AA633 /* Preview Assets.xcassets */,
			);
			path = "Preview Content";
			sourceTree = "<group>";
		};
		E5E25B3D2A9C9A4C000AA633 /* Chats */ = {
			isa = PBXGroup;
			children = (
			);
			path = Chats;
			sourceTree = "<group>";
		};
		E5E25B3E2A9C9A55000AA633 /* Settings */ = {
			isa = PBXGroup;
			children = (
			);
			path = Settings;
			sourceTree = "<group>";
		};
		E5E25B3F2A9C9A61000AA633 /* Communities */ = {
			isa = PBXGroup;
			children = (
			);
			path = Communities;
			sourceTree = "<group>";
		};
		E5E25B402A9C9A63000AA633 /* Calls */ = {
			isa = PBXGroup;
			children = (
				E5B823042A9F53820077698D /* ViewModel */,
				E5B823032A9F537F0077698D /* Components */,
				E5B823052A9F53A60077698D /* CallsView.swift */,
			);
			path = Calls;
			sourceTree = "<group>";
		};
		E5E25B412A9C9A66000AA633 /* Status */ = {
			isa = PBXGroup;
			children = (
				E5E25B422A9C9B3C000AA633 /* ViewModel */,
				E5E25B432A9C9B49000AA633 /* Components */,
				E5E25B442A9C9B5D000AA633 /* StatusView.swift */,
			);
			path = Status;
			sourceTree = "<group>";
		};
		E5E25B422A9C9B3C000AA633 /* ViewModel */ = {
			isa = PBXGroup;
			children = (
				E5E25B462A9C9B75000AA633 /* StatusManager.swift */,
			);
			path = ViewModel;
			sourceTree = "<group>";
		};
		E5E25B432A9C9B49000AA633 /* Components */ = {
			isa = PBXGroup;
			children = (
				E5E25B482A9C9CD8000AA633 /* StatusCardView.swift */,
				E5E25B4A2A9C9E5E000AA633 /* StatusListView.swift */,
				E5E25B4E2A9C9F3B000AA633 /* MyStatusCardView.swift */,
				E5E25B502A9CA123000AA633 /* InfoTextView.swift */,
				E5B8230D2A9F5AEC0077698D /* CallLinkCard.swift */,
			);
			path = Components;
			sourceTree = "<group>";
		};
/* End PBXGroup section */

/* Begin PBXNativeTarget section */
		E5E25B292A9C994F000AA633 /* ChatAppUI */ = {
			isa = PBXNativeTarget;
			buildConfigurationList = E5E25B382A9C9950000AA633 /* Build configuration list for PBXNativeTarget "ChatAppUI" */;
			buildPhases = (
				E5E25B262A9C994F000AA633 /* Sources */,
				E5E25B272A9C994F000AA633 /* Frameworks */,
				E5E25B282A9C994F000AA633 /* Resources */,
			);
			buildRules = (
			);
			dependencies = (
			);
			name = ChatAppUI;
			productName = ChatAppUI;
			productReference = E5E25B2A2A9C994F000AA633 /* ChatAppUI.app */;
			productType = "com.apple.product-type.application";
		};
/* End PBXNativeTarget section */

/* Begin PBXProject section */
		E5E25B222A9C994F000AA633 /* Project object */ = {
			isa = PBXProject;
			attributes = {
				BuildIndependentTargetsInParallel = 1;
				LastSwiftUpdateCheck = 1430;
				LastUpgradeCheck = 1430;
				TargetAttributes = {
					E5E25B292A9C994F000AA633 = {
						CreatedOnToolsVersion = 14.3.1;
					};
				};
			};
			buildConfigurationList = E5E25B252A9C994F000AA633 /* Build configuration list for PBXProject "ChatAppUI" */;
			compatibilityVersion = "Xcode 14.0";
			developmentRegion = en;
			hasScannedForEncodings = 0;
			knownRegions = (
				en,
				Base,
			);
			mainGroup = E5E25B212A9C994F000AA633;
			productRefGroup = E5E25B2B2A9C994F000AA633 /* Products */;
			projectDirPath = "";
			projectRoot = "";
			targets = (
				E5E25B292A9C994F000AA633 /* ChatAppUI */,
			);
		};
/* End PBXProject section */

/* Begin PBXResourcesBuildPhase section */
		E5E25B282A9C994F000AA633 /* Resources */ = {
			isa = PBXResourcesBuildPhase;
			buildActionMask = 2147483647;
			files = (
				E5E25B352A9C9950000AA633 /* Preview Assets.xcassets in Resources */,
				E5E25B322A9C9950000AA633 /* Assets.xcassets in Resources */,
			);
			runOnlyForDeploymentPostprocessing = 0;
		};
/* End PBXResourcesBuildPhase section */

/* Begin PBXSourcesBuildPhase section */
		E5E25B262A9C994F000AA633 /* Sources */ = {
			isa = PBXSourcesBuildPhase;
			buildActionMask = 2147483647;
			files = (
				E5B8230A2A9F55550077698D /* CallListView.swift in Sources */,
				E5E25B4F2A9C9F3B000AA633 /* MyStatusCardView.swift in Sources */,
				E5E25B492A9C9CD8000AA633 /* StatusCardView.swift in Sources */,
				E5E25B302A9C994F000AA633 /* ContentView.swift in Sources */,
				E5E25B2E2A9C994F000AA633 /* ChatAppUIApp.swift in Sources */,
				E5B8230E2A9F5AEC0077698D /* CallLinkCard.swift in Sources */,
				E5E25B512A9CA123000AA633 /* InfoTextView.swift in Sources */,
				E5E25B472A9C9B75000AA633 /* StatusManager.swift in Sources */,
				E5B823062A9F53A60077698D /* CallsView.swift in Sources */,
				E5E25B4B2A9C9E5E000AA633 /* StatusListView.swift in Sources */,
				E5E25B452A9C9B5D000AA633 /* StatusView.swift in Sources */,
				E5B823082A9F53F60077698D /* CallsManager.swift in Sources */,
				E5E25B3C2A9C997D000AA633 /* BottomBar.swift in Sources */,
				E5B8230C2A9F55A70077698D /* CallCardView.swift in Sources */,
			);
			runOnlyForDeploymentPostprocessing = 0;
		};
/* End PBXSourcesBuildPhase section */

/* Begin XCBuildConfiguration section */
		E5E25B362A9C9950000AA633 /* Debug */ = {
			isa = XCBuildConfiguration;
			buildSettings = {
				ALWAYS_SEARCH_USER_PATHS = NO;
				CLANG_ANALYZER_NONNULL = YES;
				CLANG_ANALYZER_NUMBER_OBJECT_CONVERSION = YES_AGGRESSIVE;
				CLANG_CXX_LANGUAGE_STANDARD = "gnu++20";
				CLANG_ENABLE_MODULES = YES;
				CLANG_ENABLE_OBJC_ARC = YES;
				CLANG_ENABLE_OBJC_WEAK = YES;
				CLANG_WARN_BLOCK_CAPTURE_AUTORELEASING = YES;
				CLANG_WARN_BOOL_CONVERSION = YES;
				CLANG_WARN_COMMA = YES;
				CLANG_WARN_CONSTANT_CONVERSION = YES;
				CLANG_WARN_DEPRECATED_OBJC_IMPLEMENTATIONS = YES;
				CLANG_WARN_DIRECT_OBJC_ISA_USAGE = YES_ERROR;
				CLANG_WARN_DOCUMENTATION_COMMENTS = YES;
				CLANG_WARN_EMPTY_BODY = YES;
				CLANG_WARN_ENUM_CONVERSION = YES;
				CLANG_WARN_INFINITE_RECURSION = YES;
				CLANG_WARN_INT_CONVERSION = YES;
				CLANG_WARN_NON_LITERAL_NULL_CONVERSION = YES;
				CLANG_WARN_OBJC_IMPLICIT_RETAIN_SELF = YES;
				CLANG_WARN_OBJC_LITERAL_CONVERSION = YES;
				CLANG_WARN_OBJC_ROOT_CLASS = YES_ERROR;
				CLANG_WARN_QUOTED_INCLUDE_IN_FRAMEWORK_HEADER = YES;
				CLANG_WARN_RANGE_LOOP_ANALYSIS = YES;
				CLANG_WARN_STRICT_PROTOTYPES = YES;
				CLANG_WARN_SUSPICIOUS_MOVE = YES;
				CLANG_WARN_UNGUARDED_AVAILABILITY = YES_AGGRESSIVE;
				CLANG_WARN_UNREACHABLE_CODE = YES;
				CLANG_WARN__DUPLICATE_METHOD_MATCH = YES;
				COPY_PHASE_STRIP = NO;
				DEBUG_INFORMATION_FORMAT = dwarf;
				ENABLE_STRICT_OBJC_MSGSEND = YES;
				ENABLE_TESTABILITY = YES;
				GCC_C_LANGUAGE_STANDARD = gnu11;
				GCC_DYNAMIC_NO_PIC = NO;
				GCC_NO_COMMON_BLOCKS = YES;
				GCC_OPTIMIZATION_LEVEL = 0;
				GCC_PREPROCESSOR_DEFINITIONS = (
					"DEBUG=1",
					"$(inherited)",
				);
				GCC_WARN_64_TO_32_BIT_CONVERSION = YES;
				GCC_WARN_ABOUT_RETURN_TYPE = YES_ERROR;
				GCC_WARN_UNDECLARED_SELECTOR = YES;
				GCC_WARN_UNINITIALIZED_AUTOS = YES_AGGRESSIVE;
				GCC_WARN_UNUSED_FUNCTION = YES;
				GCC_WARN_UNUSED_VARIABLE = YES;
				IPHONEOS_DEPLOYMENT_TARGET = 16.4;
				MTL_ENABLE_DEBUG_INFO = INCLUDE_SOURCE;
				MTL_FAST_MATH = YES;
				ONLY_ACTIVE_ARCH = YES;
				SDKROOT = iphoneos;
				SWIFT_ACTIVE_COMPILATION_CONDITIONS = DEBUG;
				SWIFT_OPTIMIZATION_LEVEL = "-Onone";
			};
			name = Debug;
		};
		E5E25B372A9C9950000AA633 /* Release */ = {
			isa = XCBuildConfiguration;
			buildSettings = {
				ALWAYS_SEARCH_USER_PATHS = NO;
				CLANG_ANALYZER_NONNULL = YES;
				CLANG_ANALYZER_NUMBER_OBJECT_CONVERSION = YES_AGGRESSIVE;
				CLANG_CXX_LANGUAGE_STANDARD = "gnu++20";
				CLANG_ENABLE_MODULES = YES;
				CLANG_ENABLE_OBJC_ARC = YES;
				CLANG_ENABLE_OBJC_WEAK = YES;
				CLANG_WARN_BLOCK_CAPTURE_AUTORELEASING = YES;
				CLANG_WARN_BOOL_CONVERSION = YES;
				CLANG_WARN_COMMA = YES;
				CLANG_WARN_CONSTANT_CONVERSION = YES;
				CLANG_WARN_DEPRECATED_OBJC_IMPLEMENTATIONS = YES;
				CLANG_WARN_DIRECT_OBJC_ISA_USAGE = YES_ERROR;
				CLANG_WARN_DOCUMENTATION_COMMENTS = YES;
				CLANG_WARN_EMPTY_BODY = YES;
				CLANG_WARN_ENUM_CONVERSION = YES;
				CLANG_WARN_INFINITE_RECURSION = YES;
				CLANG_WARN_INT_CONVERSION = YES;
				CLANG_WARN_NON_LITERAL_NULL_CONVERSION = YES;
				CLANG_WARN_OBJC_IMPLICIT_RETAIN_SELF = YES;
				CLANG_WARN_OBJC_LITERAL_CONVERSION = YES;
				CLANG_WARN_OBJC_ROOT_CLASS = YES_ERROR;
				CLANG_WARN_QUOTED_INCLUDE_IN_FRAMEWORK_HEADER = YES;
				CLANG_WARN_RANGE_LOOP_ANALYSIS = YES;
				CLANG_WARN_STRICT_PROTOTYPES = YES;
				CLANG_WARN_SUSPICIOUS_MOVE = YES;
				CLANG_WARN_UNGUARDED_AVAILABILITY = YES_AGGRESSIVE;
				CLANG_WARN_UNREACHABLE_CODE = YES;
				CLANG_WARN__DUPLICATE_METHOD_MATCH = YES;
				COPY_PHASE_STRIP = NO;
				DEBUG_INFORMATION_FORMAT = "dwarf-with-dsym";
				ENABLE_NS_ASSERTIONS = NO;
				ENABLE_STRICT_OBJC_MSGSEND = YES;
				GCC_C_LANGUAGE_STANDARD = gnu11;
				GCC_NO_COMMON_BLOCKS = YES;
				GCC_WARN_64_TO_32_BIT_CONVERSION = YES;
				GCC_WARN_ABOUT_RETURN_TYPE = YES_ERROR;
				GCC_WARN_UNDECLARED_SELECTOR = YES;
				GCC_WARN_UNINITIALIZED_AUTOS = YES_AGGRESSIVE;
				GCC_WARN_UNUSED_FUNCTION = YES;
				GCC_WARN_UNUSED_VARIABLE = YES;
				IPHONEOS_DEPLOYMENT_TARGET = 16.4;
				MTL_ENABLE_DEBUG_INFO = NO;
				MTL_FAST_MATH = YES;
				SDKROOT = iphoneos;
				SWIFT_COMPILATION_MODE = wholemodule;
				SWIFT_OPTIMIZATION_LEVEL = "-O";
				VALIDATE_PRODUCT = YES;
			};
			name = Release;
		};
		E5E25B392A9C9950000AA633 /* Debug */ = {
			isa = XCBuildConfiguration;
			buildSettings = {
				ASSETCATALOG_COMPILER_APPICON_NAME = AppIcon;
				ASSETCATALOG_COMPILER_GLOBAL_ACCENT_COLOR_NAME = AccentColor;
				CODE_SIGN_STYLE = Automatic;
				CURRENT_PROJECT_VERSION = 1;
				DEVELOPMENT_ASSET_PATHS = "\"ChatAppUI/Preview Content\"";
				DEVELOPMENT_TEAM = 2XYGSQSC8C;
				ENABLE_PREVIEWS = YES;
				GENERATE_INFOPLIST_FILE = YES;
				INFOPLIST_KEY_UIApplicationSceneManifest_Generation = YES;
				INFOPLIST_KEY_UIApplicationSupportsIndirectInputEvents = YES;
				INFOPLIST_KEY_UILaunchScreen_Generation = YES;
				INFOPLIST_KEY_UISupportedInterfaceOrientations = UIInterfaceOrientationPortrait;
				INFOPLIST_KEY_UISupportedInterfaceOrientations_iPad = "UIInterfaceOrientationLandscapeLeft UIInterfaceOrientationLandscapeRight UIInterfaceOrientationPortrait UIInterfaceOrientationPortraitUpsideDown";
				LD_RUNPATH_SEARCH_PATHS = (
					"$(inherited)",
					"@executable_path/Frameworks",
				);
				MARKETING_VERSION = 1.0;
				PRODUCT_BUNDLE_IDENTIFIER = io.CodeLab.ChatAppUI;
				PRODUCT_NAME = "$(TARGET_NAME)";
				SUPPORTED_PLATFORMS = "iphoneos iphonesimulator";
				SUPPORTS_MACCATALYST = NO;
				SUPPORTS_MAC_DESIGNED_FOR_IPHONE_IPAD = NO;
				SWIFT_EMIT_LOC_STRINGS = YES;
				SWIFT_VERSION = 5.0;
				TARGETED_DEVICE_FAMILY = 1;
			};
			name = Debug;
		};
		E5E25B3A2A9C9950000AA633 /* Release */ = {
			isa = XCBuildConfiguration;
			buildSettings = {
				ASSETCATALOG_COMPILER_APPICON_NAME = AppIcon;
				ASSETCATALOG_COMPILER_GLOBAL_ACCENT_COLOR_NAME = AccentColor;
				CODE_SIGN_STYLE = Automatic;
				CURRENT_PROJECT_VERSION = 1;
				DEVELOPMENT_ASSET_PATHS = "\"ChatAppUI/Preview Content\"";
				DEVELOPMENT_TEAM = 2XYGSQSC8C;
				ENABLE_PREVIEWS = YES;
				GENERATE_INFOPLIST_FILE = YES;
				INFOPLIST_KEY_UIApplicationSceneManifest_Generation = YES;
				INFOPLIST_KEY_UIApplicationSupportsIndirectInputEvents = YES;
				INFOPLIST_KEY_UILaunchScreen_Generation = YES;
				INFOPLIST_KEY_UISupportedInterfaceOrientations = UIInterfaceOrientationPortrait;
				INFOPLIST_KEY_UISupportedInterfaceOrientations_iPad = "UIInterfaceOrientationLandscapeLeft UIInterfaceOrientationLandscapeRight UIInterfaceOrientationPortrait UIInterfaceOrientationPortraitUpsideDown";
				LD_RUNPATH_SEARCH_PATHS = (
					"$(inherited)",
					"@executable_path/Frameworks",
				);
				MARKETING_VERSION = 1.0;
				PRODUCT_BUNDLE_IDENTIFIER = io.CodeLab.ChatAppUI;
				PRODUCT_NAME = "$(TARGET_NAME)";
				SUPPORTED_PLATFORMS = "iphoneos iphonesimulator";
				SUPPORTS_MACCATALYST = NO;
				SUPPORTS_MAC_DESIGNED_FOR_IPHONE_IPAD = NO;
				SWIFT_EMIT_LOC_STRINGS = YES;
				SWIFT_VERSION = 5.0;
				TARGETED_DEVICE_FAMILY = 1;
			};
			name = Release;
		};
/* End XCBuildConfiguration section */

/* Begin XCConfigurationList section */
		E5E25B252A9C994F000AA633 /* Build configuration list for PBXProject "ChatAppUI" */ = {
			isa = XCConfigurationList;
			buildConfigurations = (
				E5E25B362A9C9950000AA633 /* Debug */,
				E5E25B372A9C9950000AA633 /* Release */,
			);
			defaultConfigurationIsVisible = 0;
			defaultConfigurationName = Release;
		};
		E5E25B382A9C9950000AA633 /* Build configuration list for PBXNativeTarget "ChatAppUI" */ = {
			isa = XCConfigurationList;
			buildConfigurations = (
				E5E25B392A9C9950000AA633 /* Debug */,
				E5E25B3A2A9C9950000AA633 /* Release */,
			);
			defaultConfigurationIsVisible = 0;
			defaultConfigurationName = Release;
		};
/* End XCConfigurationList section */
	};
	rootObject = E5E25B222A9C994F000AA633 /* Project object */;
}
